
Microsoft Visual Studio Solution File, Format Version 12.00
# Visual Studio Version 16
VisualStudioVersion = 16.0.30711.63
MinimumVisualStudioVersion = 10.0.40219.1
Project("{FAE04EC0-301F-11D3-BF4B-00C04F79EFBC}") = "Queues", "Queues\Queues.csproj", "{A027F181-6251-491D-8467-E97ADFC45551}"
EndProject
Global
	GlobalSection(SolutionConfigurationPlatforms) = preSolution
		Debug|Any CPU = Debug|Any CPU
		Release|Any CPU = Release|Any CPU
	EndGlobalSection
	GlobalSection(ProjectConfigurationPlatforms) = postSolution
		{A027F181-6251-491D-8467-E97ADFC45551}.Debug|Any CPU.ActiveCfg = Debug|Any CPU
		{A027F181-6251-491D-8467-E97ADFC45551}.Debug|Any CPU.Build.0 = Debug|Any CPU
		{A027F181-6251-491D-8467-E97ADFC45551}.Release|Any CPU.ActiveCfg = Release|Any CPU
		{A027F181-6251-491D-8467-E97ADFC45551}.Release|Any CPU.Build.0 = Release|Any CPU
	EndGlobalSection
	GlobalSection(SolutionProperties) = preSolution
		HideSolutionNode = FALSE
	EndGlobalSection
	GlobalSection(ExtensibilityGlobals) = postSolution
		SolutionGuid = {3B7A232E-9E60-4FB1-B60D-BB1532B602B6}
	EndGlobalSection
EndGlobal
